{
  "name": "feedbackkit-tauri",
  "version": "1.0.62",
  "lockfileVersion": 3,
  "requires": true,
  "packages": {
    "": {
      "name": "feedbackkit-tauri",
      "version": "1.0.62",
      "license": "MIT",
      "devDependencies": {
        "@tauri-apps/api": "^2.12.1",
        "feedbackkit-web": "file:../../../web-sdk",
        "typescript": "^5.9.3"
      },
      "peerDependencies": {
        "@tauri-apps/api": "^2",
        "feedbackkit-web": ">=1.0.63"
      }
    },
    "../../../web-sdk": {
      "name": "feedbackkit-web",
      "version": "1.0.55",
      "dev": true,
      "license": "SEE LICENSE IN LICENSE",
      "dependencies": {
        "modern-screenshot": "^4.7.0"
      },
      "devDependencies": {
        "playwright": "^1.63.0",
        "typescript": "^5",
        "vite": "^7",
        "vitest": "^4"
      },
      "engines": {
        "node": ">=18"
      }
    },
    "node_modules/@tauri-apps/api": {
      "version": "2.12.1",
      "resolved": "https://registry.npmjs.org/@tauri-apps/api/-/api-2.12.1.tgz",
      "integrity": "sha512-DeyFHa3wynpyoqTDikDEDGTJIq4LQ5USfolQGRmGIWT6JMADyxZBTDa5cAdT3tDg73rUXufPaCwN7aXBos4OnQ==",
      "dev": true,
      "license": "Apache-2.0 OR MIT",
      "funding": {
        "type": "opencollective",
        "url": "https://opencollective.com/tauri"
      }
    },
    "node_modules/feedbackkit-web": {
      "resolved": "../../../web-sdk",
      "link": true
    },
    "node_modules/typescript": {
      "version": "5.9.3",
      "resolved": "https://registry.npmjs.org/typescript/-/typescript-5.9.3.tgz",
      "integrity": "sha512-jl1vZzPDinLr9eUt3J/t7V6FgNEw9QjvBPdysz9KfQDD41fQrC2Y4vKQdiaUpFT4bXlb1RHhLpp8wtm6M5TgSw==",
      "dev": true,
      "license": "Apache-2.0",
      "bin": {
        "tsc": "bin/tsc",
        "tsserver": "bin/tsserver"
      },
      "engines": {
        "node": ">=14.17"
      }
    }
  }
}
